
Microsoft Visual Studio Solution File, Format Version 12.00
# Visual Studio 14
VisualStudioVersion = 14.0.23107.0
MinimumVisualStudioVersion = 10.0.40219.1
Project("{E24C65DC-7377-472B-9ABA-BC803B73C61A}") = "LaMejorAplicacionDeTodaLaHistoria", ".", "{AECD1223-94E7-438A-B070-9B82612009AB}"
	ProjectSection(WebsiteProperties) = preProject
		TargetFrameworkMoniker = ".NETFramework,Version%3Dv3.5"
		Debug.AspNetCompiler.VirtualPath = "/SesionVer-ProyectoGeomatica"
		Debug.AspNetCompiler.PhysicalPath = "..\LaMejorAplicacionDeTodaLaHistoria\"
		Debug.AspNetCompiler.TargetPath = "PrecompiledWeb\SesionVer-ProyectoGeomatica\"
		Debug.AspNetCompiler.Updateable = "true"
		Debug.AspNetCompiler.ForceOverwrite = "true"
		Debug.AspNetCompiler.FixedNames = "false"
		Debug.AspNetCompiler.Debug = "True"
		Release.AspNetCompiler.VirtualPath = "/SesionVer-ProyectoGeomatica"
		Release.AspNetCompiler.PhysicalPath = "..\LaMejorAplicacionDeTodaLaHistoria\"
		Release.AspNetCompiler.TargetPath = "PrecompiledWeb\SesionVer-ProyectoGeomatica\"
		Release.AspNetCompiler.Updateable = "true"
		Release.AspNetCompiler.ForceOverwrite = "true"
		Release.AspNetCompiler.FixedNames = "false"
		Release.AspNetCompiler.Debug = "False"
		VWDPort = "50169"
		SlnRelativePath = "..\LaMejorAplicacionDeTodaLaHistoria\"
	EndProjectSection
EndProject
Global
	GlobalSection(SolutionConfigurationPlatforms) = preSolution
		Debug|Any CPU = Debug|Any CPU
	EndGlobalSection
	GlobalSection(ProjectConfigurationPlatforms) = postSolution
		{AECD1223-94E7-438A-B070-9B82612009AB}.Debug|Any CPU.ActiveCfg = Debug|Any CPU
		{AECD1223-94E7-438A-B070-9B82612009AB}.Debug|Any CPU.Build.0 = Debug|Any CPU
	EndGlobalSection
	GlobalSection(SolutionProperties) = preSolution
		HideSolutionNode = FALSE
	EndGlobalSection
EndGlobal
